
Microsoft Visual Studio Solution File, Format Version 12.00
# Visual Studio Version 17
VisualStudioVersion = 17.3.32901.215
MinimumVisualStudioVersion = 10.0.40219.1
Project("{FAE04EC0-301F-11D3-BF4B-00C04F79EFBC}") = "DriversLog", "DriversLog.csproj", "{853AA801-D5A0-4DE3-8377-B93EB6B40FA7}"
EndProject
Project("{FAE04EC0-301F-11D3-BF4B-00C04F79EFBC}") = "MyLibrary", "..\MyLibrary\MyLibrary.csproj", "{D5514D81-CAB1-4CAB-BB78-4DEA59D7CF0F}"
EndProject
Global
	GlobalSection(SolutionConfigurationPlatforms) = preSolution
		Debug|Any CPU = Debug|Any CPU
		Release|Any CPU = Release|Any CPU
	EndGlobalSection
	GlobalSection(ProjectConfigurationPlatforms) = postSolution
		{853AA801-D5A0-4DE3-8377-B93EB6B40FA7}.Debug|Any CPU.ActiveCfg = Debug|Any CPU
		{853AA801-D5A0-4DE3-8377-B93EB6B40FA7}.Debug|Any CPU.Build.0 = Debug|Any CPU
		{853AA801-D5A0-4DE3-8377-B93EB6B40FA7}.Release|Any CPU.ActiveCfg = Release|Any CPU
		{853AA801-D5A0-4DE3-8377-B93EB6B40FA7}.Release|Any CPU.Build.0 = Release|Any CPU
		{D5514D81-CAB1-4CAB-BB78-4DEA59D7CF0F}.Debug|Any CPU.ActiveCfg = Debug|Any CPU
		{D5514D81-CAB1-4CAB-BB78-4DEA59D7CF0F}.Debug|Any CPU.Build.0 = Debug|Any CPU
		{D5514D81-CAB1-4CAB-BB78-4DEA59D7CF0F}.Release|Any CPU.ActiveCfg = Release|Any CPU
		{D5514D81-CAB1-4CAB-BB78-4DEA59D7CF0F}.Release|Any CPU.Build.0 = Release|Any CPU
	EndGlobalSection
	GlobalSection(SolutionProperties) = preSolution
		HideSolutionNode = FALSE
	EndGlobalSection
	GlobalSection(ExtensibilityGlobals) = postSolution
		SolutionGuid = {6D91542A-FE29-42AA-BFFC-BA4019F85966}
	EndGlobalSection
EndGlobal
